
Microsoft Visual Studio Solution File, Format Version 12.00
# Visual Studio Version 17
VisualStudioVersion = 17.8.34525.116
MinimumVisualStudioVersion = 10.0.40219.1
Project("{FAE04EC0-301F-11D3-BF4B-00C04F79EFBC}") = "Armali.Horizon", "Armali.Horizon\Armali.Horizon.csproj", "{396FC544-9674-4DE0-84F2-BF6859D0B067}"
EndProject
Project("{FAE04EC0-301F-11D3-BF4B-00C04F79EFBC}") = "Armali.Horizon.Test", "Armali.Horizon.Test\Armali.Horizon.Test.csproj", "{D43D03DD-75ED-4B5B-ADD6-1990837FDD3C}"
EndProject
Global
	GlobalSection(SolutionConfigurationPlatforms) = preSolution
		Debug|Any CPU = Debug|Any CPU
		Release|Any CPU = Release|Any CPU
	EndGlobalSection
	GlobalSection(ProjectConfigurationPlatforms) = postSolution
		{396FC544-9674-4DE0-84F2-BF6859D0B067}.Debug|Any CPU.ActiveCfg = Debug|Any CPU
		{396FC544-9674-4DE0-84F2-BF6859D0B067}.Debug|Any CPU.Build.0 = Debug|Any CPU
		{396FC544-9674-4DE0-84F2-BF6859D0B067}.Release|Any CPU.ActiveCfg = Release|Any CPU
		{396FC544-9674-4DE0-84F2-BF6859D0B067}.Release|Any CPU.Build.0 = Release|Any CPU
		{D43D03DD-75ED-4B5B-ADD6-1990837FDD3C}.Debug|Any CPU.ActiveCfg = Debug|Any CPU
		{D43D03DD-75ED-4B5B-ADD6-1990837FDD3C}.Debug|Any CPU.Build.0 = Debug|Any CPU
		{D43D03DD-75ED-4B5B-ADD6-1990837FDD3C}.Release|Any CPU.ActiveCfg = Release|Any CPU
		{D43D03DD-75ED-4B5B-ADD6-1990837FDD3C}.Release|Any CPU.Build.0 = Release|Any CPU
	EndGlobalSection
	GlobalSection(SolutionProperties) = preSolution
		HideSolutionNode = FALSE
	EndGlobalSection
	GlobalSection(ExtensibilityGlobals) = postSolution
		SolutionGuid = {80C2271A-779C-4898-997D-32E75422ACD2}
	EndGlobalSection
EndGlobal
