<Solution>
  <Project Path="src/Armali.Horizon.Autoconfig/Armali.Horizon.Autoconfig.csproj" />
  <Project Path="src/Armali.Horizon.Blazor/Armali.Horizon.Blazor.csproj" />
  <Project Path="src/Armali.Horizon.Core/Armali.Horizon.Core.csproj" />
  <Project Path="src/Armali.Horizon.IO/Armali.Horizon.IO.csproj" />
  <Project Path="src/Armali.Horizon.Segaris/Armali.Horizon.Segaris.csproj" />
</Solution>
